
Microsoft Visual Studio Solution File, Format Version 12.00
# Visual Studio Version 17
VisualStudioVersion = 17.0.31808.319
MinimumVisualStudioVersion = 10.0.40219.1
Project("{FAE04EC0-301F-11D3-BF4B-00C04F79EFBC}") = "controlroom.api", "controlroom.api\controlroom.api.csproj", "{2E19E682-3169-4EDC-AD90-023EB0818135}"
EndProject
Project("{2150E333-8FDC-42A3-9474-1A3956D46DE8}") = "Modules", "Modules", "{D73A97D9-7916-4878-A0E1-1D7D2530A8ED}"
EndProject
Project("{9A19103F-16F7-4668-BE54-9A1E7A4F7556}") = "rover.application", "..\..\modules\rover\rover.application\rover.application.csproj", "{4E9CB6C6-B866-422F-AB0B-04C27717E472}"
EndProject
Project("{9A19103F-16F7-4668-BE54-9A1E7A4F7556}") = "rover.domain", "..\..\modules\rover\rover.domain\rover.domain.csproj", "{842B6C19-B617-4AA6-860F-DA1B9474B679}"
EndProject
Global
	GlobalSection(SolutionConfigurationPlatforms) = preSolution
		Debug|Any CPU = Debug|Any CPU
		Release|Any CPU = Release|Any CPU
	EndGlobalSection
	GlobalSection(ProjectConfigurationPlatforms) = postSolution
		{2E19E682-3169-4EDC-AD90-023EB0818135}.Debug|Any CPU.ActiveCfg = Debug|Any CPU
		{2E19E682-3169-4EDC-AD90-023EB0818135}.Debug|Any CPU.Build.0 = Debug|Any CPU
		{2E19E682-3169-4EDC-AD90-023EB0818135}.Release|Any CPU.ActiveCfg = Release|Any CPU
		{2E19E682-3169-4EDC-AD90-023EB0818135}.Release|Any CPU.Build.0 = Release|Any CPU
		{4E9CB6C6-B866-422F-AB0B-04C27717E472}.Debug|Any CPU.ActiveCfg = Debug|Any CPU
		{4E9CB6C6-B866-422F-AB0B-04C27717E472}.Debug|Any CPU.Build.0 = Debug|Any CPU
		{4E9CB6C6-B866-422F-AB0B-04C27717E472}.Release|Any CPU.ActiveCfg = Release|Any CPU
		{4E9CB6C6-B866-422F-AB0B-04C27717E472}.Release|Any CPU.Build.0 = Release|Any CPU
		{842B6C19-B617-4AA6-860F-DA1B9474B679}.Debug|Any CPU.ActiveCfg = Debug|Any CPU
		{842B6C19-B617-4AA6-860F-DA1B9474B679}.Debug|Any CPU.Build.0 = Debug|Any CPU
		{842B6C19-B617-4AA6-860F-DA1B9474B679}.Release|Any CPU.ActiveCfg = Release|Any CPU
		{842B6C19-B617-4AA6-860F-DA1B9474B679}.Release|Any CPU.Build.0 = Release|Any CPU
	EndGlobalSection
	GlobalSection(SolutionProperties) = preSolution
		HideSolutionNode = FALSE
	EndGlobalSection
	GlobalSection(NestedProjects) = preSolution
		{4E9CB6C6-B866-422F-AB0B-04C27717E472} = {D73A97D9-7916-4878-A0E1-1D7D2530A8ED}
		{842B6C19-B617-4AA6-860F-DA1B9474B679} = {D73A97D9-7916-4878-A0E1-1D7D2530A8ED}
	EndGlobalSection
	GlobalSection(ExtensibilityGlobals) = postSolution
		SolutionGuid = {A696C175-779F-4C91-8686-1AD2F9BF5DD6}
	EndGlobalSection
EndGlobal
