
Microsoft Visual Studio Solution File, Format Version 12.00
# Visual Studio Version 17
VisualStudioVersion = 17.0.31808.319
MinimumVisualStudioVersion = 10.0.40219.1
Project("{2150E333-8FDC-42A3-9474-1A3956D46DE8}") = "Models", "Models", "{D7212BC1-927D-4F54-8C2C-172A87E773EB}"
EndProject
Project("{9A19103F-16F7-4668-BE54-9A1E7A4F7556}") = "rover.domain", "modules\rover\rover.domain\rover.domain.csproj", "{4C80CEE5-958E-489A-A16B-4D738284C4D5}"
EndProject
Project("{9A19103F-16F7-4668-BE54-9A1E7A4F7556}") = "rover.infrastructure.rabbitmq", "modules\rover\rover.infrastructure.rabbitmq\rover.infrastructure.rabbitmq.csproj", "{B36FD00E-81C2-433B-A310-D964BC8B74F5}"
EndProject
Project("{9A19103F-16F7-4668-BE54-9A1E7A4F7556}") = "rover.infrastructure.ef", "modules\rover\rover.infrastructure.ef\rover.infrastructure.ef.csproj", "{45EB13E5-BC42-4F6F-B9B1-F88ABA140AE8}"
EndProject
Project("{9A19103F-16F7-4668-BE54-9A1E7A4F7556}") = "rover.unittests", "modules\rover\rover.unittests\rover.unittests.csproj", "{4CC241E9-E72C-4D08-85D4-2EE5AD35A933}"
EndProject
Project("{9A19103F-16F7-4668-BE54-9A1E7A4F7556}") = "controlroom-api", "applications\controlroom-api\controlroom-api.csproj", "{8BA071FE-4236-4904-9F48-1D3F9F6985A9}"
EndProject
Project("{9A19103F-16F7-4668-BE54-9A1E7A4F7556}") = "rover-iot", "applications\rover-iot\rover-iot.csproj", "{89E1670F-5D8A-4956-99CB-D47592BDE4E3}"
EndProject
Project("{FAE04EC0-301F-11D3-BF4B-00C04F79EFBC}") = "rover.infrastructure.dapper", "modules\rover\rover.infrastructure.dapper\rover.infrastructure.dapper.csproj", "{37C4E7BF-060F-4D9A-B8A5-AB0CEF210B32}"
EndProject
Global
	GlobalSection(SolutionConfigurationPlatforms) = preSolution
		Debug|Any CPU = Debug|Any CPU
		Release|Any CPU = Release|Any CPU
	EndGlobalSection
	GlobalSection(ProjectConfigurationPlatforms) = postSolution
		{4C80CEE5-958E-489A-A16B-4D738284C4D5}.Debug|Any CPU.ActiveCfg = Debug|Any CPU
		{4C80CEE5-958E-489A-A16B-4D738284C4D5}.Debug|Any CPU.Build.0 = Debug|Any CPU
		{4C80CEE5-958E-489A-A16B-4D738284C4D5}.Release|Any CPU.ActiveCfg = Release|Any CPU
		{4C80CEE5-958E-489A-A16B-4D738284C4D5}.Release|Any CPU.Build.0 = Release|Any CPU
		{B36FD00E-81C2-433B-A310-D964BC8B74F5}.Debug|Any CPU.ActiveCfg = Debug|Any CPU
		{B36FD00E-81C2-433B-A310-D964BC8B74F5}.Debug|Any CPU.Build.0 = Debug|Any CPU
		{B36FD00E-81C2-433B-A310-D964BC8B74F5}.Release|Any CPU.ActiveCfg = Release|Any CPU
		{B36FD00E-81C2-433B-A310-D964BC8B74F5}.Release|Any CPU.Build.0 = Release|Any CPU
		{45EB13E5-BC42-4F6F-B9B1-F88ABA140AE8}.Debug|Any CPU.ActiveCfg = Debug|Any CPU
		{45EB13E5-BC42-4F6F-B9B1-F88ABA140AE8}.Debug|Any CPU.Build.0 = Debug|Any CPU
		{45EB13E5-BC42-4F6F-B9B1-F88ABA140AE8}.Release|Any CPU.ActiveCfg = Release|Any CPU
		{45EB13E5-BC42-4F6F-B9B1-F88ABA140AE8}.Release|Any CPU.Build.0 = Release|Any CPU
		{4CC241E9-E72C-4D08-85D4-2EE5AD35A933}.Debug|Any CPU.ActiveCfg = Debug|Any CPU
		{4CC241E9-E72C-4D08-85D4-2EE5AD35A933}.Debug|Any CPU.Build.0 = Debug|Any CPU
		{4CC241E9-E72C-4D08-85D4-2EE5AD35A933}.Release|Any CPU.ActiveCfg = Release|Any CPU
		{4CC241E9-E72C-4D08-85D4-2EE5AD35A933}.Release|Any CPU.Build.0 = Release|Any CPU
		{8BA071FE-4236-4904-9F48-1D3F9F6985A9}.Debug|Any CPU.ActiveCfg = Debug|Any CPU
		{8BA071FE-4236-4904-9F48-1D3F9F6985A9}.Debug|Any CPU.Build.0 = Debug|Any CPU
		{8BA071FE-4236-4904-9F48-1D3F9F6985A9}.Release|Any CPU.ActiveCfg = Release|Any CPU
		{8BA071FE-4236-4904-9F48-1D3F9F6985A9}.Release|Any CPU.Build.0 = Release|Any CPU
		{89E1670F-5D8A-4956-99CB-D47592BDE4E3}.Debug|Any CPU.ActiveCfg = Debug|Any CPU
		{89E1670F-5D8A-4956-99CB-D47592BDE4E3}.Debug|Any CPU.Build.0 = Debug|Any CPU
		{89E1670F-5D8A-4956-99CB-D47592BDE4E3}.Release|Any CPU.ActiveCfg = Release|Any CPU
		{89E1670F-5D8A-4956-99CB-D47592BDE4E3}.Release|Any CPU.Build.0 = Release|Any CPU
		{37C4E7BF-060F-4D9A-B8A5-AB0CEF210B32}.Debug|Any CPU.ActiveCfg = Debug|Any CPU
		{37C4E7BF-060F-4D9A-B8A5-AB0CEF210B32}.Debug|Any CPU.Build.0 = Debug|Any CPU
		{37C4E7BF-060F-4D9A-B8A5-AB0CEF210B32}.Release|Any CPU.ActiveCfg = Release|Any CPU
		{37C4E7BF-060F-4D9A-B8A5-AB0CEF210B32}.Release|Any CPU.Build.0 = Release|Any CPU
	EndGlobalSection
	GlobalSection(SolutionProperties) = preSolution
		HideSolutionNode = FALSE
	EndGlobalSection
	GlobalSection(NestedProjects) = preSolution
		{4C80CEE5-958E-489A-A16B-4D738284C4D5} = {D7212BC1-927D-4F54-8C2C-172A87E773EB}
		{B36FD00E-81C2-433B-A310-D964BC8B74F5} = {D7212BC1-927D-4F54-8C2C-172A87E773EB}
		{45EB13E5-BC42-4F6F-B9B1-F88ABA140AE8} = {D7212BC1-927D-4F54-8C2C-172A87E773EB}
		{4CC241E9-E72C-4D08-85D4-2EE5AD35A933} = {D7212BC1-927D-4F54-8C2C-172A87E773EB}
		{37C4E7BF-060F-4D9A-B8A5-AB0CEF210B32} = {D7212BC1-927D-4F54-8C2C-172A87E773EB}
	EndGlobalSection
	GlobalSection(ExtensibilityGlobals) = postSolution
		SolutionGuid = {AE9438D2-F70E-421E-90B1-E44FB7075E61}
	EndGlobalSection
EndGlobal
